// !$*UTF8*$!
{
	archiveVersion = 1;
	classes = {
	};
	objectVersion = 77;
	objects = {

/* Begin PBXBuildFile section */
		AADA547E2F32E3330068C469 /* UserNotifications.framework in Frameworks */ = {isa = PBXBuildFile; fileRef = AADA547D2F32E3330068C469 /* UserNotifications.framework */; };
		AADA54802F32E3330068C469 /* UserNotificationsUI.framework in Frameworks */ = {isa = PBXBuildFile; fileRef = AADA547F2F32E3330068C469 /* UserNotificationsUI.framework */; };
		AADA548A2F32E3330068C469 /* NotificationContent.appex in Embed Foundation Extensions */ = {isa = PBXBuildFile; fileRef = AADA547B2F32E3330068C469 /* NotificationContent.appex */; settings = {ATTRIBUTES = (RemoveHeadersOnCopy, ); }; };
/* End PBXBuildFile section */

/* Begin PBXContainerItemProxy section */
		AADA545B2F32DC4A0068C469 /* PBXContainerItemProxy */ = {
			isa = PBXContainerItemProxy;
			containerPortal = AADA54452F32DC490068C469 /* Project object */;
			proxyType = 1;
			remoteGlobalIDString = AADA544C2F32DC490068C469;
			remoteInfo = "tongzinumber-demo";
		};
		AADA54652F32DC4A0068C469 /* PBXContainerItemProxy */ = {
			isa = PBXContainerItemProxy;
			containerPortal = AADA54452F32DC490068C469 /* Project object */;
			proxyType = 1;
			remoteGlobalIDString = AADA544C2F32DC490068C469;
			remoteInfo = "tongzinumber-demo";
		};
		AADA54882F32E3330068C469 /* PBXContainerItemProxy */ = {
			isa = PBXContainerItemProxy;
			containerPortal = AADA54452F32DC490068C469 /* Project object */;
			proxyType = 1;
			remoteGlobalIDString = AADA547A2F32E3330068C469;
			remoteInfo = NotificationContent;
		};
/* End PBXContainerItemProxy section */

/* Begin PBXCopyFilesBuildPhase section */
		AADA548F2F32E3330068C469 /* Embed Foundation Extensions */ = {
			isa = PBXCopyFilesBuildPhase;
			buildActionMask = 2147483647;
			dstPath = "";
			dstSubfolderSpec = 13;
			files = (
				AADA548A2F32E3330068C469 /* NotificationContent.appex in Embed Foundation Extensions */,
			);
			name = "Embed Foundation Extensions";
			runOnlyForDeploymentPostprocessing = 0;
		};
/* End PBXCopyFilesBuildPhase section */

/* Begin PBXFileReference section */
		AADA544D2F32DC490068C469 /* tongzinumber-demo.app */ = {isa = PBXFileReference; explicitFileType = wrapper.application; includeInIndex = 0; path = "tongzinumber-demo.app"; sourceTree = BUILT_PRODUCTS_DIR; };
		AADA545A2F32DC4A0068C469 /* tongzinumber-demoTests.xctest */ = {isa = PBXFileReference; explicitFileType = wrapper.cfbundle; includeInIndex = 0; path = "tongzinumber-demoTests.xctest"; sourceTree = BUILT_PRODUCTS_DIR; };
		AADA54642F32DC4A0068C469 /* tongzinumber-demoUITests.xctest */ = {isa = PBXFileReference; explicitFileType = wrapper.cfbundle; includeInIndex = 0; path = "tongzinumber-demoUITests.xctest"; sourceTree = BUILT_PRODUCTS_DIR; };
		AADA547B2F32E3330068C469 /* NotificationContent.appex */ = {isa = PBXFileReference; explicitFileType = "wrapper.app-extension"; includeInIndex = 0; path = NotificationContent.appex; sourceTree = BUILT_PRODUCTS_DIR; };
		AADA547D2F32E3330068C469 /* UserNotifications.framework */ = {isa = PBXFileReference; lastKnownFileType = wrapper.framework; name = UserNotifications.framework; path = System/Library/Frameworks/UserNotifications.framework; sourceTree = SDKROOT; };
		AADA547F2F32E3330068C469 /* UserNotificationsUI.framework */ = {isa = PBXFileReference; lastKnownFileType = wrapper.framework; name = UserNotificationsUI.framework; path = System/Library/Frameworks/UserNotificationsUI.framework; sourceTree = SDKROOT; };
/* End PBXFileReference section */

/* Begin PBXFileSystemSynchronizedBuildFileExceptionSet section */
		AADA548B2F32E3330068C469 /* Exceptions for "NotificationContent" folder in "NotificationContent" target */ = {
			isa = PBXFileSystemSynchronizedBuildFileExceptionSet;
			membershipExceptions = (
				Info.plist,
			);
			target = AADA547A2F32E3330068C469 /* NotificationContent */;
		};
/* End PBXFileSystemSynchronizedBuildFileExceptionSet section */

/* Begin PBXFileSystemSynchronizedRootGroup section */
		AADA544F2F32DC490068C469 /* tongzinumber-demo */ = {
			isa = PBXFileSystemSynchronizedRootGroup;
			path = "tongzinumber-demo";
			sourceTree = "<group>";
		};
		AADA545D2F32DC4A0068C469 /* tongzinumber-demoTests */ = {
			isa = PBXFileSystemSynchronizedRootGroup;
			path = "tongzinumber-demoTests";
			sourceTree = "<group>";
		};
		AADA54672F32DC4A0068C469 /* tongzinumber-demoUITests */ = {
			isa = PBXFileSystemSynchronizedRootGroup;
			path = "tongzinumber-demoUITests";
			sourceTree = "<group>";
		};
		AADA54812F32E3330068C469 /* NotificationContent */ = {
			isa = PBXFileSystemSynchronizedRootGroup;
			exceptions = (
				AADA548B2F32E3330068C469 /* Exceptions for "NotificationContent" folder in "NotificationContent" target */,
			);
			path = NotificationContent;
			sourceTree = "<group>";
		};
/* End PBXFileSystemSynchronizedRootGroup section */

/* Begin PBXFrameworksBuildPhase section */
		AADA544A2F32DC490068C469 /* Frameworks */ = {
			isa = PBXFrameworksBuildPhase;
			buildActionMask = 2147483647;
			files = (
			);
			runOnlyForDeploymentPostprocessing = 0;
		};
		AADA54572F32DC4A0068C469 /* Frameworks */ = {
			isa = PBXFrameworksBuildPhase;
			buildActionMask = 2147483647;
			files = (
			);
			runOnlyForDeploymentPostprocessing = 0;
		};
		AADA54612F32DC4A0068C469 /* Frameworks */ = {
			isa = PBXFrameworksBuildPhase;
			buildActionMask = 2147483647;
			files = (
			);
			runOnlyForDeploymentPostprocessing = 0;
		};
		AADA54782F32E3330068C469 /* Frameworks */ = {
			isa = PBXFrameworksBuildPhase;
			buildActionMask = 2147483647;
			files = (
				AADA54802F32E3330068C469 /* UserNotificationsUI.framework in Frameworks */,
				AADA547E2F32E3330068C469 /* UserNotifications.framework in Frameworks */,
			);
			runOnlyForDeploymentPostprocessing = 0;
		};
/* End PBXFrameworksBuildPhase section */

/* Begin PBXGroup section */
		AADA54442F32DC490068C469 = {
			isa = PBXGroup;
			children = (
				AADA544F2F32DC490068C469 /* tongzinumber-demo */,
				AADA545D2F32DC4A0068C469 /* tongzinumber-demoTests */,
				AADA54672F32DC4A0068C469 /* tongzinumber-demoUITests */,
				AADA54812F32E3330068C469 /* NotificationContent */,
				AADA547C2F32E3330068C469 /* Frameworks */,
				AADA544E2F32DC490068C469 /* Products */,
			);
			sourceTree = "<group>";
		};
		AADA544E2F32DC490068C469 /* Products */ = {
			isa = PBXGroup;
			children = (
				AADA544D2F32DC490068C469 /* tongzinumber-demo.app */,
				AADA545A2F32DC4A0068C469 /* tongzinumber-demoTests.xctest */,
				AADA54642F32DC4A0068C469 /* tongzinumber-demoUITests.xctest */,
				AADA547B2F32E3330068C469 /* NotificationContent.appex */,
			);
			name = Products;
			sourceTree = "<group>";
		};
		AADA547C2F32E3330068C469 /* Frameworks */ = {
			isa = PBXGroup;
			children = (
				AADA547D2F32E3330068C469 /* UserNotifications.framework */,
				AADA547F2F32E3330068C469 /* UserNotificationsUI.framework */,
			);
			name = Frameworks;
			sourceTree = "<group>";
		};
/* End PBXGroup section */

/* Begin PBXNativeTarget section */
		AADA544C2F32DC490068C469 /* tongzinumber-demo */ = {
			isa = PBXNativeTarget;
			buildConfigurationList = AADA546E2F32DC4A0068C469 /* Build configuration list for PBXNativeTarget "tongzinumber-demo" */;
			buildPhases = (
				AADA54492F32DC490068C469 /* Sources */,
				AADA544A2F32DC490068C469 /* Frameworks */,
				AADA544B2F32DC490068C469 /* Resources */,
				AADA548F2F32E3330068C469 /* Embed Foundation Extensions */,
			);
			buildRules = (
			);
			dependencies = (
				AADA54892F32E3330068C469 /* PBXTargetDependency */,
			);
			fileSystemSynchronizedGroups = (
				AADA544F2F32DC490068C469 /* tongzinumber-demo */,
			);
			name = "tongzinumber-demo";
			packageProductDependencies = (
			);
			productName = "tongzinumber-demo";
			productReference = AADA544D2F32DC490068C469 /* tongzinumber-demo.app */;
			productType = "com.apple.product-type.application";
		};
		AADA54592F32DC4A0068C469 /* tongzinumber-demoTests */ = {
			isa = PBXNativeTarget;
			buildConfigurationList = AADA54712F32DC4A0068C469 /* Build configuration list for PBXNativeTarget "tongzinumber-demoTests" */;
			buildPhases = (
				AADA54562F32DC4A0068C469 /* Sources */,
				AADA54572F32DC4A0068C469 /* Frameworks */,
				AADA54582F32DC4A0068C469 /* Resources */,
			);
			buildRules = (
			);
			dependencies = (
				AADA545C2F32DC4A0068C469 /* PBXTargetDependency */,
			);
			fileSystemSynchronizedGroups = (
				AADA545D2F32DC4A0068C469 /* tongzinumber-demoTests */,
			);
			name = "tongzinumber-demoTests";
			packageProductDependencies = (
			);
			productName = "tongzinumber-demoTests";
			productReference = AADA545A2F32DC4A0068C469 /* tongzinumber-demoTests.xctest */;
			productType = "com.apple.product-type.bundle.unit-test";
		};
		AADA54632F32DC4A0068C469 /* tongzinumber-demoUITests */ = {
			isa = PBXNativeTarget;
			buildConfigurationList = AADA54742F32DC4A0068C469 /* Build configuration list for PBXNativeTarget "tongzinumber-demoUITests" */;
			buildPhases = (
				AADA54602F32DC4A0068C469 /* Sources */,
				AADA54612F32DC4A0068C469 /* Frameworks */,
				AADA54622F32DC4A0068C469 /* Resources */,
			);
			buildRules = (
			);
			dependencies = (
				AADA54662F32DC4A0068C469 /* PBXTargetDependency */,
			);
			fileSystemSynchronizedGroups = (
				AADA54672F32DC4A0068C469 /* tongzinumber-demoUITests */,
			);
			name = "tongzinumber-demoUITests";
			packageProductDependencies = (
			);
			productName = "tongzinumber-demoUITests";
			productReference = AADA54642F32DC4A0068C469 /* tongzinumber-demoUITests.xctest */;
			productType = "com.apple.product-type.bundle.ui-testing";
		};
		AADA547A2F32E3330068C469 /* NotificationContent */ = {
			isa = PBXNativeTarget;
			buildConfigurationList = AADA548C2F32E3330068C469 /* Build configuration list for PBXNativeTarget "NotificationContent" */;
			buildPhases = (
				AADA54772F32E3330068C469 /* Sources */,
				AADA54782F32E3330068C469 /* Frameworks */,
				AADA54792F32E3330068C469 /* Resources */,
			);
			buildRules = (
			);
			dependencies = (
			);
			fileSystemSynchronizedGroups = (
				AADA54812F32E3330068C469 /* NotificationContent */,
			);
			name = NotificationContent;
			packageProductDependencies = (
			);
			productName = NotificationContent;
			productReference = AADA547B2F32E3330068C469 /* NotificationContent.appex */;
			productType = "com.apple.product-type.app-extension";
		};
/* End PBXNativeTarget section */

/* Begin PBXProject section */
		AADA54452F32DC490068C469 /* Project object */ = {
			isa = PBXProject;
			attributes = {
				BuildIndependentTargetsInParallel = 1;
				LastSwiftUpdateCheck = 1640;
				LastUpgradeCheck = 1640;
				TargetAttributes = {
					AADA544C2F32DC490068C469 = {
						CreatedOnToolsVersion = 16.4;
					};
					AADA54592F32DC4A0068C469 = {
						CreatedOnToolsVersion = 16.4;
						TestTargetID = AADA544C2F32DC490068C469;
					};
					AADA54632F32DC4A0068C469 = {
						CreatedOnToolsVersion = 16.4;
						TestTargetID = AADA544C2F32DC490068C469;
					};
					AADA547A2F32E3330068C469 = {
						CreatedOnToolsVersion = 16.4;
					};
				};
			};
			buildConfigurationList = AADA54482F32DC490068C469 /* Build configuration list for PBXProject "tongzinumber-demo" */;
			developmentRegion = en;
			hasScannedForEncodings = 0;
			knownRegions = (
				en,
				Base,
			);
			mainGroup = AADA54442F32DC490068C469;
			minimizedProjectReferenceProxies = 1;
			preferredProjectObjectVersion = 77;
			productRefGroup = AADA544E2F32DC490068C469 /* Products */;
			projectDirPath = "";
			projectRoot = "";
			targets = (
				AADA544C2F32DC490068C469 /* tongzinumber-demo */,
				AADA54592F32DC4A0068C469 /* tongzinumber-demoTests */,
				AADA54632F32DC4A0068C469 /* tongzinumber-demoUITests */,
				AADA547A2F32E3330068C469 /* NotificationContent */,
			);
		};
/* End PBXProject section */

/* Begin PBXResourcesBuildPhase section */
		AADA544B2F32DC490068C469 /* Resources */ = {
			isa = PBXResourcesBuildPhase;
			buildActionMask = 2147483647;
			files = (
			);
			runOnlyForDeploymentPostprocessing = 0;
		};
		AADA54582F32DC4A0068C469 /* Resources */ = {
			isa = PBXResourcesBuildPhase;
			buildActionMask = 2147483647;
			files = (
			);
			runOnlyForDeploymentPostprocessing = 0;
		};
		AADA54622F32DC4A0068C469 /* Resources */ = {
			isa = PBXResourcesBuildPhase;
			buildActionMask = 2147483647;
			files = (
			);
			runOnlyForDeploymentPostprocessing = 0;
		};
		AADA54792F32E3330068C469 /* Resources */ = {
			isa = PBXResourcesBuildPhase;
			buildActionMask = 2147483647;
			files = (
			);
			runOnlyForDeploymentPostprocessing = 0;
		};
/* End PBXResourcesBuildPhase section */

/* Begin PBXSourcesBuildPhase section */
		AADA54492F32DC490068C469 /* Sources */ = {
			isa = PBXSourcesBuildPhase;
			buildActionMask = 2147483647;
			files = (
			);
			runOnlyForDeploymentPostprocessing = 0;
		};
		AADA54562F32DC4A0068C469 /* Sources */ = {
			isa = PBXSourcesBuildPhase;
			buildActionMask = 2147483647;
			files = (
			);
			runOnlyForDeploymentPostprocessing = 0;
		};
		AADA54602F32DC4A0068C469 /* Sources */ = {
			isa = PBXSourcesBuildPhase;
			buildActionMask = 2147483647;
			files = (
			);
			runOnlyForDeploymentPostprocessing = 0;
		};
		AADA54772F32E3330068C469 /* Sources */ = {
			isa = PBXSourcesBuildPhase;
			buildActionMask = 2147483647;
			files = (
			);
			runOnlyForDeploymentPostprocessing = 0;
		};
/* End PBXSourcesBuildPhase section */

/* Begin PBXTargetDependency section */
		AADA545C2F32DC4A0068C469 /* PBXTargetDependency */ = {
			isa = PBXTargetDependency;
			target = AADA544C2F32DC490068C469 /* tongzinumber-demo */;
			targetProxy = AADA545B2F32DC4A0068C469 /* PBXContainerItemProxy */;
		};
		AADA54662F32DC4A0068C469 /* PBXTargetDependency */ = {
			isa = PBXTargetDependency;
			target = AADA544C2F32DC490068C469 /* tongzinumber-demo */;
			targetProxy = AADA54652F32DC4A0068C469 /* PBXContainerItemProxy */;
		};
		AADA54892F32E3330068C469 /* PBXTargetDependency */ = {
			isa = PBXTargetDependency;
			target = AADA547A2F32E3330068C469 /* NotificationContent */;
			targetProxy = AADA54882F32E3330068C469 /* PBXContainerItemProxy */;
		};
/* End PBXTargetDependency section */

/* Begin XCBuildConfiguration section */
		AADA546C2F32DC4A0068C469 /* Debug */ = {
			isa = XCBuildConfiguration;
			buildSettings = {
				ALWAYS_SEARCH_USER_PATHS = NO;
				ASSETCATALOG_COMPILER_GENERATE_SWIFT_ASSET_SYMBOL_EXTENSIONS = YES;
				CLANG_ANALYZER_NONNULL = YES;
				CLANG_ANALYZER_NUMBER_OBJECT_CONVERSION = YES_AGGRESSIVE;
				CLANG_CXX_LANGUAGE_STANDARD = "gnu++20";
				CLANG_ENABLE_MODULES = YES;
				CLANG_ENABLE_OBJC_ARC = YES;
				CLANG_ENABLE_OBJC_WEAK = YES;
				CLANG_WARN_BLOCK_CAPTURE_AUTORELEASING = YES;
				CLANG_WARN_BOOL_CONVERSION = YES;
				CLANG_WARN_COMMA = YES;
				CLANG_WARN_CONSTANT_CONVERSION = YES;
				CLANG_WARN_DEPRECATED_OBJC_IMPLEMENTATIONS = YES;
				CLANG_WARN_DIRECT_OBJC_ISA_USAGE = YES_ERROR;
				CLANG_WARN_DOCUMENTATION_COMMENTS = YES;
				CLANG_WARN_EMPTY_BODY = YES;
				CLANG_WARN_ENUM_CONVERSION = YES;
				CLANG_WARN_INFINITE_RECURSION = YES;
				CLANG_WARN_INT_CONVERSION = YES;
				CLANG_WARN_NON_LITERAL_NULL_CONVERSION = YES;
				CLANG_WARN_OBJC_IMPLICIT_RETAIN_SELF = YES;
				CLANG_WARN_OBJC_LITERAL_CONVERSION = YES;
				CLANG_WARN_OBJC_ROOT_CLASS = YES_ERROR;
				CLANG_WARN_QUOTED_INCLUDE_IN_FRAMEWORK_HEADER = YES;
				CLANG_WARN_RANGE_LOOP_ANALYSIS = YES;
				CLANG_WARN_STRICT_PROTOTYPES = YES;
				CLANG_WARN_SUSPICIOUS_MOVE = YES;
				CLANG_WARN_UNGUARDED_AVAILABILITY = YES_AGGRESSIVE;
				CLANG_WARN_UNREACHABLE_CODE = YES;
				CLANG_WARN__DUPLICATE_METHOD_MATCH = YES;
				COPY_PHASE_STRIP = NO;
				DEBUG_INFORMATION_FORMAT = dwarf;
				ENABLE_STRICT_OBJC_MSGSEND = YES;
				ENABLE_TESTABILITY = YES;
				ENABLE_USER_SCRIPT_SANDBOXING = YES;
				GCC_C_LANGUAGE_STANDARD = gnu17;
				GCC_DYNAMIC_NO_PIC = NO;
				GCC_NO_COMMON_BLOCKS = YES;
				GCC_OPTIMIZATION_LEVEL = 0;
				GCC_PREPROCESSOR_DEFINITIONS = (
					"DEBUG=1",
					"$(inherited)",
				);
				GCC_WARN_64_TO_32_BIT_CONVERSION = YES;
				GCC_WARN_ABOUT_RETURN_TYPE = YES_ERROR;
				GCC_WARN_UNDECLARED_SELECTOR = YES;
				GCC_WARN_UNINITIALIZED_AUTOS = YES_AGGRESSIVE;
				GCC_WARN_UNUSED_FUNCTION = YES;
				GCC_WARN_UNUSED_VARIABLE = YES;
				IPHONEOS_DEPLOYMENT_TARGET = 18.5;
				LOCALIZATION_PREFERS_STRING_CATALOGS = YES;
				MTL_ENABLE_DEBUG_INFO = INCLUDE_SOURCE;
				MTL_FAST_MATH = YES;
				ONLY_ACTIVE_ARCH = YES;
				SDKROOT = iphoneos;
				SWIFT_ACTIVE_COMPILATION_CONDITIONS = "DEBUG $(inherited)";
				SWIFT_OPTIMIZATION_LEVEL = "-Onone";
			};
			name = Debug;
		};
		AADA546D2F32DC4A0068C469 /* Release */ = {
			isa = XCBuildConfiguration;
			buildSettings = {
				ALWAYS_SEARCH_USER_PATHS = NO;
				ASSETCATALOG_COMPILER_GENERATE_SWIFT_ASSET_SYMBOL_EXTENSIONS = YES;
				CLANG_ANALYZER_NONNULL = YES;
				CLANG_ANALYZER_NUMBER_OBJECT_CONVERSION = YES_AGGRESSIVE;
				CLANG_CXX_LANGUAGE_STANDARD = "gnu++20";
				CLANG_ENABLE_MODULES = YES;
				CLANG_ENABLE_OBJC_ARC = YES;
				CLANG_ENABLE_OBJC_WEAK = YES;
				CLANG_WARN_BLOCK_CAPTURE_AUTORELEASING = YES;
				CLANG_WARN_BOOL_CONVERSION = YES;
				CLANG_WARN_COMMA = YES;
				CLANG_WARN_CONSTANT_CONVERSION = YES;
				CLANG_WARN_DEPRECATED_OBJC_IMPLEMENTATIONS = YES;
				CLANG_WARN_DIRECT_OBJC_ISA_USAGE = YES_ERROR;
				CLANG_WARN_DOCUMENTATION_COMMENTS = YES;
				CLANG_WARN_EMPTY_BODY = YES;
				CLANG_WARN_ENUM_CONVERSION = YES;
				CLANG_WARN_INFINITE_RECURSION = YES;
				CLANG_WARN_INT_CONVERSION = YES;
				CLANG_WARN_NON_LITERAL_NULL_CONVERSION = YES;
				CLANG_WARN_OBJC_IMPLICIT_RETAIN_SELF = YES;
				CLANG_WARN_OBJC_LITERAL_CONVERSION = YES;
				CLANG_WARN_OBJC_ROOT_CLASS = YES_ERROR;
				CLANG_WARN_QUOTED_INCLUDE_IN_FRAMEWORK_HEADER = YES;
				CLANG_WARN_RANGE_LOOP_ANALYSIS = YES;
				CLANG_WARN_STRICT_PROTOTYPES = YES;
				CLANG_WARN_SUSPICIOUS_MOVE = YES;
				CLANG_WARN_UNGUARDED_AVAILABILITY = YES_AGGRESSIVE;
				CLANG_WARN_UNREACHABLE_CODE = YES;
				CLANG_WARN__DUPLICATE_METHOD_MATCH = YES;
				COPY_PHASE_STRIP = NO;
				DEBUG_INFORMATION_FORMAT = "dwarf-with-dsym";
				ENABLE_NS_ASSERTIONS = NO;
				ENABLE_STRICT_OBJC_MSGSEND = YES;
				ENABLE_USER_SCRIPT_SANDBOXING = YES;
				GCC_C_LANGUAGE_STANDARD = gnu17;
				GCC_NO_COMMON_BLOCKS = YES;
				GCC_WARN_64_TO_32_BIT_CONVERSION = YES;
				GCC_WARN_ABOUT_RETURN_TYPE = YES_ERROR;
				GCC_WARN_UNDECLARED_SELECTOR = YES;
				GCC_WARN_UNINITIALIZED_AUTOS = YES_AGGRESSIVE;
				GCC_WARN_UNUSED_FUNCTION = YES;
				GCC_WARN_UNUSED_VARIABLE = YES;
				IPHONEOS_DEPLOYMENT_TARGET = 18.5;
				LOCALIZATION_PREFERS_STRING_CATALOGS = YES;
				MTL_ENABLE_DEBUG_INFO = NO;
				MTL_FAST_MATH = YES;
				SDKROOT = iphoneos;
				SWIFT_COMPILATION_MODE = wholemodule;
				VALIDATE_PRODUCT = YES;
			};
			name = Release;
		};
		AADA546F2F32DC4A0068C469 /* Debug */ = {
			isa = XCBuildConfiguration;
			buildSettings = {
				ASSETCATALOG_COMPILER_APPICON_NAME = AppIcon;
				ASSETCATALOG_COMPILER_GLOBAL_ACCENT_COLOR_NAME = AccentColor;
				CODE_SIGN_ENTITLEMENTS = "tongzinumber-demo/tongzinumber-demo.entitlements";
				CODE_SIGN_STYLE = Automatic;
				CURRENT_PROJECT_VERSION = 1;
				DEVELOPMENT_TEAM = 7433A2X247;
				ENABLE_PREVIEWS = YES;
				GENERATE_INFOPLIST_FILE = YES;
				INFOPLIST_KEY_UIApplicationSceneManifest_Generation = YES;
				INFOPLIST_KEY_UIApplicationSupportsIndirectInputEvents = YES;
				INFOPLIST_KEY_UILaunchScreen_Generation = YES;
				INFOPLIST_KEY_UISupportedInterfaceOrientations_iPad = "UIInterfaceOrientationPortrait UIInterfaceOrientationPortraitUpsideDown UIInterfaceOrientationLandscapeLeft UIInterfaceOrientationLandscapeRight";
				INFOPLIST_KEY_UISupportedInterfaceOrientations_iPhone = "UIInterfaceOrientationPortrait UIInterfaceOrientationLandscapeLeft UIInterfaceOrientationLandscapeRight";
				LD_RUNPATH_SEARCH_PATHS = (
					"$(inherited)",
					"@executable_path/Frameworks",
				);
				MARKETING_VERSION = 1.0;
				PRODUCT_BUNDLE_IDENTIFIER = "cupicelemon.tongzinumber-demo";
				PRODUCT_NAME = "$(TARGET_NAME)";
				SWIFT_EMIT_LOC_STRINGS = YES;
				SWIFT_VERSION = 5.0;
				TARGETED_DEVICE_FAMILY = "1,2";
			};
			name = Debug;
		};
		AADA54702F32DC4A0068C469 /* Release */ = {
			isa = XCBuildConfiguration;
			buildSettings = {
				ASSETCATALOG_COMPILER_APPICON_NAME = AppIcon;
				ASSETCATALOG_COMPILER_GLOBAL_ACCENT_COLOR_NAME = AccentColor;
				CODE_SIGN_ENTITLEMENTS = "tongzinumber-demo/tongzinumber-demo.entitlements";
				CODE_SIGN_STYLE = Automatic;
				CURRENT_PROJECT_VERSION = 1;
				DEVELOPMENT_TEAM = 7433A2X247;
				ENABLE_PREVIEWS = YES;
				GENERATE_INFOPLIST_FILE = YES;
				INFOPLIST_KEY_UIApplicationSceneManifest_Generation = YES;
				INFOPLIST_KEY_UIApplicationSupportsIndirectInputEvents = YES;
				INFOPLIST_KEY_UILaunchScreen_Generation = YES;
				INFOPLIST_KEY_UISupportedInterfaceOrientations_iPad = "UIInterfaceOrientationPortrait UIInterfaceOrientationPortraitUpsideDown UIInterfaceOrientationLandscapeLeft UIInterfaceOrientationLandscapeRight";
				INFOPLIST_KEY_UISupportedInterfaceOrientations_iPhone = "UIInterfaceOrientationPortrait UIInterfaceOrientationLandscapeLeft UIInterfaceOrientationLandscapeRight";
				LD_RUNPATH_SEARCH_PATHS = (
					"$(inherited)",
					"@executable_path/Frameworks",
				);
				MARKETING_VERSION = 1.0;
				PRODUCT_BUNDLE_IDENTIFIER = "cupicelemon.tongzinumber-demo";
				PRODUCT_NAME = "$(TARGET_NAME)";
				SWIFT_EMIT_LOC_STRINGS = YES;
				SWIFT_VERSION = 5.0;
				TARGETED_DEVICE_FAMILY = "1,2";
			};
			name = Release;
		};
		AADA54722F32DC4A0068C469 /* Debug */ = {
			isa = XCBuildConfiguration;
			buildSettings = {
				BUNDLE_LOADER = "$(TEST_HOST)";
				"CODE_SIGN_IDENTITY[sdk=macosx*]" = "Apple Development";
				CODE_SIGN_STYLE = Automatic;
				CURRENT_PROJECT_VERSION = 1;
				DEVELOPMENT_TEAM = 7433A2X247;
				GENERATE_INFOPLIST_FILE = YES;
				IPHONEOS_DEPLOYMENT_TARGET = 18.5;
				MARKETING_VERSION = 1.0;
				PRODUCT_BUNDLE_IDENTIFIER = "cupicelemon.tongzinumber-demoTests";
				PRODUCT_NAME = "$(TARGET_NAME)";
				SWIFT_EMIT_LOC_STRINGS = NO;
				SWIFT_VERSION = 5.0;
				TARGETED_DEVICE_FAMILY = "1,2";
				TEST_HOST = "$(BUILT_PRODUCTS_DIR)/tongzinumber-demo.app/$(BUNDLE_EXECUTABLE_FOLDER_PATH)/tongzinumber-demo";
			};
			name = Debug;
		};
		AADA54732F32DC4A0068C469 /* Release */ = {
			isa = XCBuildConfiguration;
			buildSettings = {
				BUNDLE_LOADER = "$(TEST_HOST)";
				"CODE_SIGN_IDENTITY[sdk=macosx*]" = "Apple Development";
				CODE_SIGN_STYLE = Automatic;
				CURRENT_PROJECT_VERSION = 1;
				DEVELOPMENT_TEAM = 7433A2X247;
				GENERATE_INFOPLIST_FILE = YES;
				IPHONEOS_DEPLOYMENT_TARGET = 18.5;
				MARKETING_VERSION = 1.0;
				PRODUCT_BUNDLE_IDENTIFIER = "cupicelemon.tongzinumber-demoTests";
				PRODUCT_NAME = "$(TARGET_NAME)";
				SWIFT_EMIT_LOC_STRINGS = NO;
				SWIFT_VERSION = 5.0;
				TARGETED_DEVICE_FAMILY = "1,2";
				TEST_HOST = "$(BUILT_PRODUCTS_DIR)/tongzinumber-demo.app/$(BUNDLE_EXECUTABLE_FOLDER_PATH)/tongzinumber-demo";
			};
			name = Release;
		};
		AADA54752F32DC4A0068C469 /* Debug */ = {
			isa = XCBuildConfiguration;
			buildSettings = {
				CODE_SIGN_STYLE = Automatic;
				CURRENT_PROJECT_VERSION = 1;
				DEVELOPMENT_TEAM = 7433A2X247;
				GENERATE_INFOPLIST_FILE = YES;
				MARKETING_VERSION = 1.0;
				PRODUCT_BUNDLE_IDENTIFIER = "cupicelemon.tongzinumber-demoUITests";
				PRODUCT_NAME = "$(TARGET_NAME)";
				SWIFT_EMIT_LOC_STRINGS = NO;
				SWIFT_VERSION = 5.0;
				TARGETED_DEVICE_FAMILY = "1,2";
				TEST_TARGET_NAME = "tongzinumber-demo";
			};
			name = Debug;
		};
		AADA54762F32DC4A0068C469 /* Release */ = {
			isa = XCBuildConfiguration;
			buildSettings = {
				CODE_SIGN_STYLE = Automatic;
				CURRENT_PROJECT_VERSION = 1;
				DEVELOPMENT_TEAM = 7433A2X247;
				GENERATE_INFOPLIST_FILE = YES;
				MARKETING_VERSION = 1.0;
				PRODUCT_BUNDLE_IDENTIFIER = "cupicelemon.tongzinumber-demoUITests";
				PRODUCT_NAME = "$(TARGET_NAME)";
				SWIFT_EMIT_LOC_STRINGS = NO;
				SWIFT_VERSION = 5.0;
				TARGETED_DEVICE_FAMILY = "1,2";
				TEST_TARGET_NAME = "tongzinumber-demo";
			};
			name = Release;
		};
		AADA548D2F32E3330068C469 /* Debug */ = {
			isa = XCBuildConfiguration;
			buildSettings = {
				CODE_SIGN_ENTITLEMENTS = NotificationContent/NotificationContent.entitlements;
				CODE_SIGN_STYLE = Automatic;
				CURRENT_PROJECT_VERSION = 1;
				DEVELOPMENT_TEAM = 7433A2X247;
				GENERATE_INFOPLIST_FILE = YES;
				INFOPLIST_FILE = NotificationContent/Info.plist;
				INFOPLIST_KEY_CFBundleDisplayName = NotificationContent;
				INFOPLIST_KEY_NSHumanReadableCopyright = "";
				LD_RUNPATH_SEARCH_PATHS = (
					"$(inherited)",
					"@executable_path/Frameworks",
					"@executable_path/../../Frameworks",
				);
				MARKETING_VERSION = 1.0;
				PRODUCT_BUNDLE_IDENTIFIER = "cupicelemon.tongzinumber-demo.NotificationContent";
				PRODUCT_NAME = "$(TARGET_NAME)";
				SKIP_INSTALL = YES;
				SWIFT_EMIT_LOC_STRINGS = YES;
				SWIFT_VERSION = 5.0;
				TARGETED_DEVICE_FAMILY = "1,2";
			};
			name = Debug;
		};
		AADA548E2F32E3330068C469 /* Release */ = {
			isa = XCBuildConfiguration;
			buildSettings = {
				CODE_SIGN_ENTITLEMENTS = NotificationContent/NotificationContent.entitlements;
				CODE_SIGN_STYLE = Automatic;
				CURRENT_PROJECT_VERSION = 1;
				DEVELOPMENT_TEAM = 7433A2X247;
				GENERATE_INFOPLIST_FILE = YES;
				INFOPLIST_FILE = NotificationContent/Info.plist;
				INFOPLIST_KEY_CFBundleDisplayName = NotificationContent;
				INFOPLIST_KEY_NSHumanReadableCopyright = "";
				LD_RUNPATH_SEARCH_PATHS = (
					"$(inherited)",
					"@executable_path/Frameworks",
					"@executable_path/../../Frameworks",
				);
				MARKETING_VERSION = 1.0;
				PRODUCT_BUNDLE_IDENTIFIER = "cupicelemon.tongzinumber-demo.NotificationContent";
				PRODUCT_NAME = "$(TARGET_NAME)";
				SKIP_INSTALL = YES;
				SWIFT_EMIT_LOC_STRINGS = YES;
				SWIFT_VERSION = 5.0;
				TARGETED_DEVICE_FAMILY = "1,2";
			};
			name = Release;
		};
/* End XCBuildConfiguration section */

/* Begin XCConfigurationList section */
		AADA54482F32DC490068C469 /* Build configuration list for PBXProject "tongzinumber-demo" */ = {
			isa = XCConfigurationList;
			buildConfigurations = (
				AADA546C2F32DC4A0068C469 /* Debug */,
				AADA546D2F32DC4A0068C469 /* Release */,
			);
			defaultConfigurationIsVisible = 0;
			defaultConfigurationName = Release;
		};
		AADA546E2F32DC4A0068C469 /* Build configuration list for PBXNativeTarget "tongzinumber-demo" */ = {
			isa = XCConfigurationList;
			buildConfigurations = (
				AADA546F2F32DC4A0068C469 /* Debug */,
				AADA54702F32DC4A0068C469 /* Release */,
			);
			defaultConfigurationIsVisible = 0;
			defaultConfigurationName = Release;
		};
		AADA54712F32DC4A0068C469 /* Build configuration list for PBXNativeTarget "tongzinumber-demoTests" */ = {
			isa = XCConfigurationList;
			buildConfigurations = (
				AADA54722F32DC4A0068C469 /* Debug */,
				AADA54732F32DC4A0068C469 /* Release */,
			);
			defaultConfigurationIsVisible = 0;
			defaultConfigurationName = Release;
		};
		AADA54742F32DC4A0068C469 /* Build configuration list for PBXNativeTarget "tongzinumber-demoUITests" */ = {
			isa = XCConfigurationList;
			buildConfigurations = (
				AADA54752F32DC4A0068C469 /* Debug */,
				AADA54762F32DC4A0068C469 /* Release */,
			);
			defaultConfigurationIsVisible = 0;
			defaultConfigurationName = Release;
		};
		AADA548C2F32E3330068C469 /* Build configuration list for PBXNativeTarget "NotificationContent" */ = {
			isa = XCConfigurationList;
			buildConfigurations = (
				AADA548D2F32E3330068C469 /* Debug */,
				AADA548E2F32E3330068C469 /* Release */,
			);
			defaultConfigurationIsVisible = 0;
			defaultConfigurationName = Release;
		};
/* End XCConfigurationList section */
	};
	rootObject = AADA54452F32DC490068C469 /* Project object */;
}
